# This file was autogenerated by Stack.
# You should not edit this file by hand.
# For more information, please see the documentation at:
#   https://docs.haskellstack.org/en/stable/lock_files

packages:
- completed:
    commit: 83cb4e4ec27ece8e7a7540d096bcf6c5ef3e8e7d
    git: git@github.com:HuwCampbell/grenade.git
    name: grenade
    pantry-tree:
      sha256: 86295ed884523ba47e80cdb0865e58a23a375c833fd8b56b633e7ef09765a006
      size: 5500
    version: 0.1.0
  original:
    commit: 83cb4e4ec27ece8e7a7540d096bcf6c5ef3e8e7d
    git: git@github.com:HuwCampbell/grenade.git
snapshots:
- completed:
    sha256: 6a553c5fa4f211a9b639da5e5359124a93627852dd9967bed202fdd71b25f15e
    size: 720021
    url: https://raw.githubusercontent.com/commercialhaskell/stackage-snapshots/master/lts/22/36.yaml
  original:
    url: https://raw.githubusercontent.com/commercialhaskell/stackage-snapshots/master/lts/22/36.yaml
