# This file was autogenerated by Stack.
# You should not edit this file by hand.
# For more information, please see the documentation at:
#   https://docs.haskellstack.org/en/stable/lock_files

packages:
- completed:
    commit: 7257fe9e5164e8109b76575cb4d73a996faab42b
    git: https://github.com/acowley/Frames.git
    name: Frames
    pantry-tree:
      sha256: 0846f61940c13218ca3c5182fb06560b74eaed82d738f51d31079a0cb36f0a11
      size: 6297
    version: 0.7.3
  original:
    commit: 7257fe9e5164e8109b76575cb4d73a996faab42b
    git: https://github.com/acowley/Frames.git
snapshots:
- completed:
    sha256: c4381351ba5837a6356fcc0ebeb7a61fdcaf3a085c903a6f730f56b131d5cb58
    size: 639143
    url: https://raw.githubusercontent.com/commercialhaskell/stackage-snapshots/master/lts/21/1.yaml
  original:
    url: https://raw.githubusercontent.com/commercialhaskell/stackage-snapshots/master/lts/21/1.yaml
